// !$*UTF8*$!
{
	archiveVersion = 1;
	classes = {
	};
	objectVersion = 46;
	objects = {

/* Begin PBXBuildFile section */
		3486476B1D594B3200948BB4 /* AppDelegate.swift in Sources */ = {isa = PBXBuildFile; fileRef = 3486476A1D594B3200948BB4 /* AppDelegate.swift */; };
		3486476D1D594B3200948BB4 /* ViewController.swift in Sources */ = {isa = PBXBuildFile; fileRef = 3486476C1D594B3200948BB4 /* ViewController.swift */; };
		348647701D594B3200948BB4 /* Main.storyboard in Resources */ = {isa = PBXBuildFile; fileRef = 3486476E1D594B3200948BB4 /* Main.storyboard */; };
		348647721D594B3200948BB4 /* Assets.xcassets in Resources */ = {isa = PBXBuildFile; fileRef = 348647711D594B3200948BB4 /* Assets.xcassets */; };
		348647751D594B3200948BB4 /* LaunchScreen.storyboard in Resources */ = {isa = PBXBuildFile; fileRef = 348647731D594B3200948BB4 /* LaunchScreen.storyboard */; };
/* End PBXBuildFile section */

/* Begin PBXFileReference section */
		348647671D594B3200948BB4 /* UIPageControl.app */ = {isa = PBXFileReference; explicitFileType = wrapper.application; includeInIndex = 0; path = UIPageControl.app; sourceTree = BUILT_PRODUCTS_DIR; };
		3486476A1D594B3200948BB4 /* AppDelegate.swift */ = {isa = PBXFileReference; lastKnownFileType = sourcecode.swift; path = AppDelegate.swift; sourceTree = "<group>"; };
		3486476C1D594B3200948BB4 /* ViewController.swift */ = {isa = PBXFileReference; lastKnownFileType = sourcecode.swift; path = ViewController.swift; sourceTree = "<group>"; };
		3486476F1D594B3200948BB4 /* Base */ = {isa = PBXFileReference; lastKnownFileType = file.storyboard; name = Base; path = Base.lproj/Main.storyboard; sourceTree = "<group>"; };
		348647711D594B3200948BB4 /* Assets.xcassets */ = {isa = PBXFileReference; lastKnownFileType = folder.assetcatalog; path = Assets.xcassets; sourceTree = "<group>"; };
		348647741D594B3200948BB4 /* Base */ = {isa = PBXFileReference; lastKnownFileType = file.storyboard; name = Base; path = Base.lproj/LaunchScreen.storyboard; sourceTree = "<group>"; };
		348647761D594B3200948BB4 /* Info.plist */ = {isa = PBXFileReference; lastKnownFileType = text.plist.xml; path = Info.plist; sourceTree = "<group>"; };
/* End PBXFileReference section */

/* Begin PBXFrameworksBuildPhase section */
		348647641D594B3200948BB4 /* Frameworks */ = {
			isa = PBXFrameworksBuildPhase;
			buildActionMask = 2147483647;
			files = (
			);
			runOnlyForDeploymentPostprocessing = 0;
		};
/* End PBXFrameworksBuildPhase section */

/* Begin PBXGroup section */
		3486475E1D594B3200948BB4 = {
			isa = PBXGroup;
			children = (
				348647691D594B3200948BB4 /* UIPageControl */,
				348647681D594B3200948BB4 /* Products */,
			);
			sourceTree = "<group>";
		};
		348647681D594B3200948BB4 /* Products */ = {
			isa = PBXGroup;
			children = (
				348647671D594B3200948BB4 /* UIPageControl.app */,
			);
			name = Products;
			sourceTree = "<group>";
		};
		348647691D594B3200948BB4 /* UIPageControl */ = {
			isa = PBXGroup;
			children = (
				3486476A1D594B3200948BB4 /* AppDelegate.swift */,
				3486476C1D594B3200948BB4 /* ViewController.swift */,
				3486476E1D594B3200948BB4 /* Main.storyboard */,
				348647711D594B3200948BB4 /* Assets.xcassets */,
				348647731D594B3200948BB4 /* LaunchScreen.storyboard */,
				348647761D594B3200948BB4 /* Info.plist */,
			);
			path = UIPageControl;
			sourceTree = "<group>";
		};
/* End PBXGroup section */

/* Begin PBXNativeTarget section */
		348647661D594B3200948BB4 /* UIPageControl */ = {
			isa = PBXNativeTarget;
			buildConfigurationList = 348647791D594B3200948BB4 /* Build configuration list for PBXNativeTarget "UIPageControl" */;
			buildPhases = (
				348647631D594B3200948BB4 /* Sources */,
				348647641D594B3200948BB4 /* Frameworks */,
				348647651D594B3200948BB4 /* Resources */,
			);
			buildRules = (
			);
			dependencies = (
			);
			name = UIPageControl;
			productName = UIPageControl;
			productReference = 348647671D594B3200948BB4 /* UIPageControl.app */;
			productType = "com.apple.product-type.application";
		};
/* End PBXNativeTarget section */

/* Begin PBXProject section */
		3486475F1D594B3200948BB4 /* Project object */ = {
			isa = PBXProject;
			attributes = {
				LastSwiftUpdateCheck = 0730;
				LastUpgradeCheck = 0730;
				ORGANIZATIONNAME = walmart;
				TargetAttributes = {
					348647661D594B3200948BB4 = {
						CreatedOnToolsVersion = 7.3.1;
					};
				};
			};
			buildConfigurationList = 348647621D594B3200948BB4 /* Build configuration list for PBXProject "UIPageControl" */;
			compatibilityVersion = "Xcode 3.2";
			developmentRegion = English;
			hasScannedForEncodings = 0;
			knownRegions = (
				en,
				Base,
			);
			mainGroup = 3486475E1D594B3200948BB4;
			productRefGroup = 348647681D594B3200948BB4 /* Products */;
			projectDirPath = "";
			projectRoot = "";
			targets = (
				348647661D594B3200948BB4 /* UIPageControl */,
			);
		};
/* End PBXProject section */

/* Begin PBXResourcesBuildPhase section */
		348647651D594B3200948BB4 /* Resources */ = {
			isa = PBXResourcesBuildPhase;
			buildActionMask = 2147483647;
			files = (
				348647751D594B3200948BB4 /* LaunchScreen.storyboard in Resources */,
				348647721D594B3200948BB4 /* Assets.xcassets in Resources */,
				348647701D594B3200948BB4 /* Main.storyboard in Resources */,
			);
			runOnlyForDeploymentPostprocessing = 0;
		};
/* End PBXResourcesBuildPhase section */

/* Begin PBXSourcesBuildPhase section */
		348647631D594B3200948BB4 /* Sources */ = {
			isa = PBXSourcesBuildPhase;
			buildActionMask = 2147483647;
			files = (
				3486476D1D594B3200948BB4 /* ViewController.swift in Sources */,
				3486476B1D594B3200948BB4 /* AppDelegate.swift in Sources */,
			);
			runOnlyForDeploymentPostprocessing = 0;
		};
/* End PBXSourcesBuildPhase section */

/* Begin PBXVariantGroup section */
		3486476E1D594B3200948BB4 /* Main.storyboard */ = {
			isa = PBXVariantGroup;
			children = (
				3486476F1D594B3200948BB4 /* Base */,
			);
			name = Main.storyboard;
			sourceTree = "<group>";
		};
		348647731D594B3200948BB4 /* LaunchScreen.storyboard */ = {
			isa = PBXVariantGroup;
			children = (
				348647741D594B3200948BB4 /* Base */,
			);
			name = LaunchScreen.storyboard;
			sourceTree = "<group>";
		};
/* End PBXVariantGroup section */

/* Begin XCBuildConfiguration section */
		348647771D594B3200948BB4 /* Debug */ = {
			isa = XCBuildConfiguration;
			buildSettings = {
				ALWAYS_SEARCH_USER_PATHS = NO;
				CLANG_ANALYZER_NONNULL = YES;
				CLANG_CXX_LANGUAGE_STANDARD = "gnu++0x";
				CLANG_CXX_LIBRARY = "libc++";
				CLANG_ENABLE_MODULES = YES;
				CLANG_ENABLE_OBJC_ARC = YES;
				CLANG_WARN_BOOL_CONVERSION = YES;
				CLANG_WARN_CONSTANT_CONVERSION = YES;
				CLANG_WARN_DIRECT_OBJC_ISA_USAGE = YES_ERROR;
				CLANG_WARN_EMPTY_BODY = YES;
				CLANG_WARN_ENUM_CONVERSION = YES;
				CLANG_WARN_INT_CONVERSION = YES;
				CLANG_WARN_OBJC_ROOT_CLASS = YES_ERROR;
				CLANG_WARN_UNREACHABLE_CODE = YES;
				CLANG_WARN__DUPLICATE_METHOD_MATCH = YES;
				"CODE_SIGN_IDENTITY[sdk=iphoneos*]" = "iPhone Developer";
				COPY_PHASE_STRIP = NO;
				DEBUG_INFORMATION_FORMAT = dwarf;
				ENABLE_STRICT_OBJC_MSGSEND = YES;
				ENABLE_TESTABILITY = YES;
				GCC_C_LANGUAGE_STANDARD = gnu99;
				GCC_DYNAMIC_NO_PIC = NO;
				GCC_NO_COMMON_BLOCKS = YES;
				GCC_OPTIMIZATION_LEVEL = 0;
				GCC_PREPROCESSOR_DEFINITIONS = (
					"DEBUG=1",
					"$(inherited)",
				);
				GCC_WARN_64_TO_32_BIT_CONVERSION = YES;
				GCC_WARN_ABOUT_RETURN_TYPE = YES_ERROR;
				GCC_WARN_UNDECLARED_SELECTOR = YES;
				GCC_WARN_UNINITIALIZED_AUTOS = YES_AGGRESSIVE;
				GCC_WARN_UNUSED_FUNCTION = YES;
				GCC_WARN_UNUSED_VARIABLE = YES;
				IPHONEOS_DEPLOYMENT_TARGET = 9.3;
				MTL_ENABLE_DEBUG_INFO = YES;
				ONLY_ACTIVE_ARCH = YES;
				SDKROOT = iphoneos;
				SWIFT_OPTIMIZATION_LEVEL = "-Onone";
			};
			name = Debug;
		};
		348647781D594B3200948BB4 /* Release */ = {
			isa = XCBuildConfiguration;
			buildSettings = {
				ALWAYS_SEARCH_USER_PATHS = NO;
				CLANG_ANALYZER_NONNULL = YES;
				CLANG_CXX_LANGUAGE_STANDARD = "gnu++0x";
				CLANG_CXX_LIBRARY = "libc++";
				CLANG_ENABLE_MODULES = YES;
				CLANG_ENABLE_OBJC_ARC = YES;
				CLANG_WARN_BOOL_CONVERSION = YES;
				CLANG_WARN_CONSTANT_CONVERSION = YES;
				CLANG_WARN_DIRECT_OBJC_ISA_USAGE = YES_ERROR;
				CLANG_WARN_EMPTY_BODY = YES;
				CLANG_WARN_ENUM_CONVERSION = YES;
				CLANG_WARN_INT_CONVERSION = YES;
				CLANG_WARN_OBJC_ROOT_CLASS = YES_ERROR;
				CLANG_WARN_UNREACHABLE_CODE = YES;
				CLANG_WARN__DUPLICATE_METHOD_MATCH = YES;
				"CODE_SIGN_IDENTITY[sdk=iphoneos*]" = "iPhone Developer";
				COPY_PHASE_STRIP = NO;
				DEBUG_INFORMATION_FORMAT = "dwarf-with-dsym";
				ENABLE_NS_ASSERTIONS = NO;
				ENABLE_STRICT_OBJC_MSGSEND = YES;
				GCC_C_LANGUAGE_STANDARD = gnu99;
				GCC_NO_COMMON_BLOCKS = YES;
				GCC_WARN_64_TO_32_BIT_CONVERSION = YES;
				GCC_WARN_ABOUT_RETURN_TYPE = YES_ERROR;
				GCC_WARN_UNDECLARED_SELECTOR = YES;
				GCC_WARN_UNINITIALIZED_AUTOS = YES_AGGRESSIVE;
				GCC_WARN_UNUSED_FUNCTION = YES;
				GCC_WARN_UNUSED_VARIABLE = YES;
				IPHONEOS_DEPLOYMENT_TARGET = 9.3;
				MTL_ENABLE_DEBUG_INFO = NO;
				SDKROOT = iphoneos;
				VALIDATE_PRODUCT = YES;
			};
			name = Release;
		};
		3486477A1D594B3200948BB4 /* Debug */ = {
			isa = XCBuildConfiguration;
			buildSettings = {
				ASSETCATALOG_COMPILER_APPICON_NAME = AppIcon;
				INFOPLIST_FILE = UIPageControl/Info.plist;
				LD_RUNPATH_SEARCH_PATHS = "$(inherited) @executable_path/Frameworks";
				PRODUCT_BUNDLE_IDENTIFIER = performance.UIPageControl;
				PRODUCT_NAME = "$(TARGET_NAME)";
			};
			name = Debug;
		};
		3486477B1D594B3200948BB4 /* Release */ = {
			isa = XCBuildConfiguration;
			buildSettings = {
				ASSETCATALOG_COMPILER_APPICON_NAME = AppIcon;
				INFOPLIST_FILE = UIPageControl/Info.plist;
				LD_RUNPATH_SEARCH_PATHS = "$(inherited) @executable_path/Frameworks";
				PRODUCT_BUNDLE_IDENTIFIER = performance.UIPageControl;
				PRODUCT_NAME = "$(TARGET_NAME)";
			};
			name = Release;
		};
/* End XCBuildConfiguration section */

/* Begin XCConfigurationList section */
		348647621D594B3200948BB4 /* Build configuration list for PBXProject "UIPageControl" */ = {
			isa = XCConfigurationList;
			buildConfigurations = (
				348647771D594B3200948BB4 /* Debug */,
				348647781D594B3200948BB4 /* Release */,
			);
			defaultConfigurationIsVisible = 0;
			defaultConfigurationName = Release;
		};
		348647791D594B3200948BB4 /* Build configuration list for PBXNativeTarget "UIPageControl" */ = {
			isa = XCConfigurationList;
			buildConfigurations = (
				3486477A1D594B3200948BB4 /* Debug */,
				3486477B1D594B3200948BB4 /* Release */,
			);
			defaultConfigurationIsVisible = 0;
		};
/* End XCConfigurationList section */
	};
	rootObject = 3486475F1D594B3200948BB4 /* Project object */;
}
